
Microsoft Visual Studio Solution File, Format Version 12.00
# Visual Studio Version 17
VisualStudioVersion = 17.2.32516.85
MinimumVisualStudioVersion = 10.0.40219.1
Project("{FAE04EC0-301F-11D3-BF4B-00C04F79EFBC}") = "Retos", "Retos.csproj", "{DBBC3189-50B2-4727-9F65-771F1B6D7A1C}"
EndProject
Global
	GlobalSection(SolutionConfigurationPlatforms) = preSolution
		Debug|Any CPU = Debug|Any CPU
		Release|Any CPU = Release|Any CPU
	EndGlobalSection
	GlobalSection(ProjectConfigurationPlatforms) = postSolution
		{DBBC3189-50B2-4727-9F65-771F1B6D7A1C}.Debug|Any CPU.ActiveCfg = Debug|Any CPU
		{DBBC3189-50B2-4727-9F65-771F1B6D7A1C}.Debug|Any CPU.Build.0 = Debug|Any CPU
		{DBBC3189-50B2-4727-9F65-771F1B6D7A1C}.Release|Any CPU.ActiveCfg = Release|Any CPU
		{DBBC3189-50B2-4727-9F65-771F1B6D7A1C}.Release|Any CPU.Build.0 = Release|Any CPU
	EndGlobalSection
	GlobalSection(SolutionProperties) = preSolution
		HideSolutionNode = FALSE
	EndGlobalSection
	GlobalSection(ExtensibilityGlobals) = postSolution
		SolutionGuid = {C4ADC097-464C-4D8D-8CE3-2D38A49CD1E0}
	EndGlobalSection
EndGlobal
